
Microsoft Visual Studio Solution File, Format Version 12.00
# Visual Studio Version 17
VisualStudioVersion = 17.10.35122.118
MinimumVisualStudioVersion = 10.0.40219.1
Project("{9A19103F-16F7-4668-BE54-9A1E7A4F7556}") = "EF-01", "EF-01\EF-01.csproj", "{C2F8BA99-4B30-4BE3-BB87-91791CC989CF}"
EndProject
Project("{9A19103F-16F7-4668-BE54-9A1E7A4F7556}") = "EF-08", "EF-08\EF-08.csproj", "{C6C31493-010A-4FF4-A81C-2A798D8A707C}"
EndProject
Project("{9A19103F-16F7-4668-BE54-9A1E7A4F7556}") = "EF-09", "EF-09\EF-09.csproj", "{8136BA00-6588-4DE2-9A49-4CF9315EB191}"
EndProject
Project("{9A19103F-16F7-4668-BE54-9A1E7A4F7556}") = "EF-24", "EF-24\EF-24.csproj", "{07B85625-349E-46D6-9317-9E9F88A1358E}"
EndProject
Project("{9A19103F-16F7-4668-BE54-9A1E7A4F7556}") = "EF-25", "EF-25\EF-25.csproj", "{8FDB4086-ADD3-44DE-B808-0B93E29E7CAA}"
EndProject
Project("{FAE04EC0-301F-11D3-BF4B-00C04F79EFBC}") = "EF-26", "EF-26\EF-26.csproj", "{DED78A3D-A585-4A3E-A80A-5AC7251A3EA4}"
EndProject
Global
	GlobalSection(SolutionConfigurationPlatforms) = preSolution
		Debug|Any CPU = Debug|Any CPU
		Release|Any CPU = Release|Any CPU
	EndGlobalSection
	GlobalSection(ProjectConfigurationPlatforms) = postSolution
		{C2F8BA99-4B30-4BE3-BB87-91791CC989CF}.Debug|Any CPU.ActiveCfg = Debug|Any CPU
		{C2F8BA99-4B30-4BE3-BB87-91791CC989CF}.Debug|Any CPU.Build.0 = Debug|Any CPU
		{C2F8BA99-4B30-4BE3-BB87-91791CC989CF}.Release|Any CPU.ActiveCfg = Release|Any CPU
		{C2F8BA99-4B30-4BE3-BB87-91791CC989CF}.Release|Any CPU.Build.0 = Release|Any CPU
		{C6C31493-010A-4FF4-A81C-2A798D8A707C}.Debug|Any CPU.ActiveCfg = Debug|Any CPU
		{C6C31493-010A-4FF4-A81C-2A798D8A707C}.Debug|Any CPU.Build.0 = Debug|Any CPU
		{C6C31493-010A-4FF4-A81C-2A798D8A707C}.Release|Any CPU.ActiveCfg = Release|Any CPU
		{C6C31493-010A-4FF4-A81C-2A798D8A707C}.Release|Any CPU.Build.0 = Release|Any CPU
		{8136BA00-6588-4DE2-9A49-4CF9315EB191}.Debug|Any CPU.ActiveCfg = Debug|Any CPU
		{8136BA00-6588-4DE2-9A49-4CF9315EB191}.Debug|Any CPU.Build.0 = Debug|Any CPU
		{8136BA00-6588-4DE2-9A49-4CF9315EB191}.Release|Any CPU.ActiveCfg = Release|Any CPU
		{8136BA00-6588-4DE2-9A49-4CF9315EB191}.Release|Any CPU.Build.0 = Release|Any CPU
		{07B85625-349E-46D6-9317-9E9F88A1358E}.Debug|Any CPU.ActiveCfg = Debug|Any CPU
		{07B85625-349E-46D6-9317-9E9F88A1358E}.Debug|Any CPU.Build.0 = Debug|Any CPU
		{07B85625-349E-46D6-9317-9E9F88A1358E}.Release|Any CPU.ActiveCfg = Release|Any CPU
		{07B85625-349E-46D6-9317-9E9F88A1358E}.Release|Any CPU.Build.0 = Release|Any CPU
		{8FDB4086-ADD3-44DE-B808-0B93E29E7CAA}.Debug|Any CPU.ActiveCfg = Debug|Any CPU
		{8FDB4086-ADD3-44DE-B808-0B93E29E7CAA}.Debug|Any CPU.Build.0 = Debug|Any CPU
		{8FDB4086-ADD3-44DE-B808-0B93E29E7CAA}.Release|Any CPU.ActiveCfg = Release|Any CPU
		{8FDB4086-ADD3-44DE-B808-0B93E29E7CAA}.Release|Any CPU.Build.0 = Release|Any CPU
		{DED78A3D-A585-4A3E-A80A-5AC7251A3EA4}.Debug|Any CPU.ActiveCfg = Debug|Any CPU
		{DED78A3D-A585-4A3E-A80A-5AC7251A3EA4}.Debug|Any CPU.Build.0 = Debug|Any CPU
		{DED78A3D-A585-4A3E-A80A-5AC7251A3EA4}.Release|Any CPU.ActiveCfg = Release|Any CPU
		{DED78A3D-A585-4A3E-A80A-5AC7251A3EA4}.Release|Any CPU.Build.0 = Release|Any CPU
	EndGlobalSection
	GlobalSection(SolutionProperties) = preSolution
		HideSolutionNode = FALSE
	EndGlobalSection
	GlobalSection(ExtensibilityGlobals) = postSolution
		SolutionGuid = {1849CC1D-4123-4930-B480-928DEC018972}
	EndGlobalSection
EndGlobal
